{
  "name": "example",
  "version": "1.0.0",
  "lockfileVersion": 1,
  "requires": true,
  "dependencies": {
    "lista-impropria-api": {
      "version": "1.1.5",
      "resolved": "https://registry.npmjs.org/lista-impropria-api/-/lista-impropria-api-1.1.5.tgz",
      "integrity": "sha512-60pBjGq7rTlf4HDIZ8J6R3H0jUQtHUkkKqRtBoWMSDI8CMH8Wvs0sotg97ca/udp3kMGLbzrPLprjF2vQLXdgw=="
    }
  }
}
